
Microsoft Visual Studio Solution File, Format Version 12.00
Project("{F2A71F9B-5D33-465A-A702-920D77279786}") = "Test", "Test\Test.fsproj", "{DA2A8700-C9E3-4983-987D-C8E385DD6F3E}"
EndProject
Project("{F2A71F9B-5D33-465A-A702-920D77279786}") = "UnoFS", "UnoFS\UnoFS.fsproj", "{CDAFD4E1-F75B-4AD7-A726-5CB8680B7FA9}"
EndProject
Project("{F2A71F9B-5D33-465A-A702-920D77279786}") = "TestRepl", "TestRepl\TestRepl.fsproj", "{487E7FD5-DA69-4E60-B033-FF20198C63D0}"
EndProject
Global
	GlobalSection(SolutionConfigurationPlatforms) = preSolution
		Debug|Any CPU = Debug|Any CPU
		Release|Any CPU = Release|Any CPU
	EndGlobalSection
	GlobalSection(ProjectConfigurationPlatforms) = postSolution
		{DA2A8700-C9E3-4983-987D-C8E385DD6F3E}.Debug|Any CPU.ActiveCfg = Debug|Any CPU
		{DA2A8700-C9E3-4983-987D-C8E385DD6F3E}.Debug|Any CPU.Build.0 = Debug|Any CPU
		{DA2A8700-C9E3-4983-987D-C8E385DD6F3E}.Release|Any CPU.ActiveCfg = Release|Any CPU
		{DA2A8700-C9E3-4983-987D-C8E385DD6F3E}.Release|Any CPU.Build.0 = Release|Any CPU
		{CDAFD4E1-F75B-4AD7-A726-5CB8680B7FA9}.Debug|Any CPU.ActiveCfg = Debug|Any CPU
		{CDAFD4E1-F75B-4AD7-A726-5CB8680B7FA9}.Debug|Any CPU.Build.0 = Debug|Any CPU
		{CDAFD4E1-F75B-4AD7-A726-5CB8680B7FA9}.Release|Any CPU.ActiveCfg = Release|Any CPU
		{CDAFD4E1-F75B-4AD7-A726-5CB8680B7FA9}.Release|Any CPU.Build.0 = Release|Any CPU
		{487E7FD5-DA69-4E60-B033-FF20198C63D0}.Debug|Any CPU.ActiveCfg = Debug|Any CPU
		{487E7FD5-DA69-4E60-B033-FF20198C63D0}.Debug|Any CPU.Build.0 = Debug|Any CPU
		{487E7FD5-DA69-4E60-B033-FF20198C63D0}.Release|Any CPU.ActiveCfg = Release|Any CPU
		{487E7FD5-DA69-4E60-B033-FF20198C63D0}.Release|Any CPU.Build.0 = Release|Any CPU
	EndGlobalSection
EndGlobal
